
Microsoft Visual Studio Solution File, Format Version 12.00
# Visual Studio Version 17
VisualStudioVersion = 17.7.34024.191
MinimumVisualStudioVersion = 10.0.40219.1
Project("{FAE04EC0-301F-11D3-BF4B-00C04F79EFBC}") = "NWindBackwardEnginerring", "NWindBackwardEnginerring\NWindBackwardEnginerring.csproj", "{E442D7CE-9CCB-4E29-BAC8-6B31198F59D9}"
EndProject
Global
	GlobalSection(SolutionConfigurationPlatforms) = preSolution
		Debug|Any CPU = Debug|Any CPU
		Release|Any CPU = Release|Any CPU
	EndGlobalSection
	GlobalSection(ProjectConfigurationPlatforms) = postSolution
		{E442D7CE-9CCB-4E29-BAC8-6B31198F59D9}.Debug|Any CPU.ActiveCfg = Debug|Any CPU
		{E442D7CE-9CCB-4E29-BAC8-6B31198F59D9}.Debug|Any CPU.Build.0 = Debug|Any CPU
		{E442D7CE-9CCB-4E29-BAC8-6B31198F59D9}.Release|Any CPU.ActiveCfg = Release|Any CPU
		{E442D7CE-9CCB-4E29-BAC8-6B31198F59D9}.Release|Any CPU.Build.0 = Release|Any CPU
	EndGlobalSection
	GlobalSection(SolutionProperties) = preSolution
		HideSolutionNode = FALSE
	EndGlobalSection
	GlobalSection(ExtensibilityGlobals) = postSolution
		SolutionGuid = {5109DEB2-555A-4FA6-8864-B68D2AA321AE}
	EndGlobalSection
EndGlobal
