
Microsoft Visual Studio Solution File, Format Version 12.00
# Visual Studio Version 17
VisualStudioVersion = 17.7.34024.191
MinimumVisualStudioVersion = 10.0.40219.1
Project("{FAE04EC0-301F-11D3-BF4B-00C04F79EFBC}") = "LibraryA", "LibraryA\LibraryA.csproj", "{8FCDB275-02FF-48BF-BD09-FB31E51F8444}"
EndProject
Project("{FAE04EC0-301F-11D3-BF4B-00C04F79EFBC}") = "ClientAppConsole", "ClientAppConsole\ClientAppConsole.csproj", "{6452B9CB-3A43-457E-8D86-CB91F8C556F3}"
EndProject
Global
	GlobalSection(SolutionConfigurationPlatforms) = preSolution
		Debug|Any CPU = Debug|Any CPU
		Release|Any CPU = Release|Any CPU
	EndGlobalSection
	GlobalSection(ProjectConfigurationPlatforms) = postSolution
		{8FCDB275-02FF-48BF-BD09-FB31E51F8444}.Debug|Any CPU.ActiveCfg = Debug|Any CPU
		{8FCDB275-02FF-48BF-BD09-FB31E51F8444}.Debug|Any CPU.Build.0 = Debug|Any CPU
		{8FCDB275-02FF-48BF-BD09-FB31E51F8444}.Release|Any CPU.ActiveCfg = Release|Any CPU
		{8FCDB275-02FF-48BF-BD09-FB31E51F8444}.Release|Any CPU.Build.0 = Release|Any CPU
		{6452B9CB-3A43-457E-8D86-CB91F8C556F3}.Debug|Any CPU.ActiveCfg = Debug|Any CPU
		{6452B9CB-3A43-457E-8D86-CB91F8C556F3}.Debug|Any CPU.Build.0 = Debug|Any CPU
		{6452B9CB-3A43-457E-8D86-CB91F8C556F3}.Release|Any CPU.ActiveCfg = Release|Any CPU
		{6452B9CB-3A43-457E-8D86-CB91F8C556F3}.Release|Any CPU.Build.0 = Release|Any CPU
	EndGlobalSection
	GlobalSection(SolutionProperties) = preSolution
		HideSolutionNode = FALSE
	EndGlobalSection
	GlobalSection(ExtensibilityGlobals) = postSolution
		SolutionGuid = {7D7F7542-1DB8-4760-B97D-10760B1080AB}
	EndGlobalSection
EndGlobal
